
Microsoft Visual Studio Solution File, Format Version 12.00
# Visual Studio Version 16
VisualStudioVersion = 16.0.32929.386
MinimumVisualStudioVersion = 10.0.40219.1
Project("{9A19103F-16F7-4668-BE54-9A1E7A4F7556}") = "AnchorLinkSharp", "anchorlinksharp\AnchorLinkSharp\AnchorLinkSharp.csproj", "{6EF734C7-1082-4F4C-83DE-2806B77AF0C5}"
EndProject
Project("{9A19103F-16F7-4668-BE54-9A1E7A4F7556}") = "AnchorLinkSharp.UnitTests", "anchorlinksharp\AnchorLinkSharp.UnitTests\AnchorLinkSharp.UnitTests.csproj", "{76426A41-0356-43CA-ABF8-FF9CBA23376C}"
EndProject
Project("{9A19103F-16F7-4668-BE54-9A1E7A4F7556}") = "AnchorLinkTransportSharp", "anchorlinktransportsharp\AnchorLinkTransportSharp.csproj", "{4D7F7129-06B5-45B5-92C4-21BB5CC379AF}"
EndProject
Project("{9A19103F-16F7-4668-BE54-9A1E7A4F7556}") = "AtomicAssetsApiClient", "atomicassetsapiclient\AtomicAssetsApiClient\AtomicAssetsApiClient.csproj", "{DEB97679-51E7-4910-9728-74386B707AEB}"
EndProject
Project("{9A19103F-16F7-4668-BE54-9A1E7A4F7556}") = "AtomicAssetsApiClient.Core", "atomicassetsapiclient\AtomicAssetsApiClient.Core\AtomicAssetsApiClient.Core.csproj", "{65E6E61C-8AA8-4960-9FE4-D938C32B1C3F}"
EndProject
Project("{9A19103F-16F7-4668-BE54-9A1E7A4F7556}") = "AtomicAssetsApiClient.Core.Test", "atomicassetsapiclient\AtomicAssetsApiClient.Core.Test\AtomicAssetsApiClient.Core.Test.csproj", "{0C5F82C9-2742-4798-AA2D-18FF92797DE3}"
EndProject
Project("{9A19103F-16F7-4668-BE54-9A1E7A4F7556}") = "AtomicAssetsApiClient.Test", "atomicassetsapiclient\AtomicAssetsApiClient.Test\AtomicAssetsApiClient.Test.csproj", "{22E64485-8D09-424C-8570-5DD1E1F23AB7}"
EndProject
Project("{9A19103F-16F7-4668-BE54-9A1E7A4F7556}") = "AtomicMarketApiClient", "atomicmarketapiclient\AtomicMarketApiClient\AtomicMarketApiClient.csproj", "{DCED00F3-D840-426E-88EA-F8088339C21B}"
EndProject
Project("{9A19103F-16F7-4668-BE54-9A1E7A4F7556}") = "AtomicMarketApiClient.Core", "atomicmarketapiclient\AtomicMarketApiClient.Core\AtomicMarketApiClient.Core.csproj", "{A5E82D20-143C-4A86-A5EF-819920C057CA}"
EndProject
Project("{9A19103F-16F7-4668-BE54-9A1E7A4F7556}") = "AtomicMarketApiClient.Core.Test", "atomicmarketapiclient\AtomicMarketApiClient.Core.Test\AtomicMarketApiClient.Core.Test.csproj", "{50B3F98A-C4BE-4B6E-8978-7D616C969BBA}"
EndProject
Project("{9A19103F-16F7-4668-BE54-9A1E7A4F7556}") = "AtomicMarketApiClient.Test", "atomicmarketapiclient\AtomicMarketApiClient.Test\AtomicMarketApiClient.Test.csproj", "{3131E390-30BD-4560-85AE-E33791872341}"
EndProject
Project("{9A19103F-16F7-4668-BE54-9A1E7A4F7556}") = "EosioSigningRequestSharp", "eosiosigningrequest\EosioSigningRequestSharp.csproj", "{567C89E1-81F7-490A-86D5-E04368C7C757}"
EndProject
Project("{9A19103F-16F7-4668-BE54-9A1E7A4F7556}") = "EosSharp", "eossharp\EosSharp\EosSharp\EosSharp.csproj", "{52874A72-3A59-450C-A87F-BB0C9A476028}"
EndProject
Project("{9A19103F-16F7-4668-BE54-9A1E7A4F7556}") = "EosSharp.Core", "eossharp\EosSharp\EosSharp.Core\EosSharp.Core.csproj", "{1E37E39B-DFE5-4A06-8207-FD2796C52C0B}"
EndProject
Project("{FAE04EC0-301F-11D3-BF4B-00C04F79EFBC}") = "EosSharp.UnitTests", "eossharp\EosSharp\EosSharp.UnitTests\EosSharp.UnitTests.csproj", "{969C1A19-C591-4EAE-A8F3-AE39878CA2C2}"
EndProject
Project("{9A19103F-16F7-4668-BE54-9A1E7A4F7556}") = "EosSharp.UnitTests.Core", "eossharp\EosSharp\EosSharp.UnitTests.Core\EosSharp.UnitTests.Core.csproj", "{CA99E0C4-5467-457C-92FB-084EF0450D15}"
EndProject
Project("{9A19103F-16F7-4668-BE54-9A1E7A4F7556}") = "EosSharp.UnitTests.Unity3D", "eossharp\EosSharp\EosSharp.UnitTests.Unity3D\EosSharp.UnitTests.Unity3D.csproj", "{48FD6BDD-0AC6-4A75-A5B4-F67A37207789}"
EndProject
Project("{9A19103F-16F7-4668-BE54-9A1E7A4F7556}") = "EosSharp.Unity3D", "eossharp\EosSharp\EosSharp.Unity3D\EosSharp.Unity3D.csproj", "{F48A6924-72A1-41CF-B548-57F97518713D}"
EndProject
Project("{9A19103F-16F7-4668-BE54-9A1E7A4F7556}") = "HyperionApiClient", "hyperionapiclient\HyperionApiClient\HyperionApiClient.csproj", "{9262F82A-2D6F-45CB-98F6-F7714EA5F83F}"
EndProject
Project("{9A19103F-16F7-4668-BE54-9A1E7A4F7556}") = "HyperionApiClientUnitTests", "hyperionapiclient\HyperionApiClientUnitTests\HyperionApiClientUnitTests.csproj", "{B7687233-B290-48D1-8221-82438E7F6D95}"
EndProject
Global
	GlobalSection(SolutionConfigurationPlatforms) = preSolution
		Debug|Any CPU = Debug|Any CPU
		Release|Any CPU = Release|Any CPU
	EndGlobalSection
	GlobalSection(ProjectConfigurationPlatforms) = postSolution
		{6EF734C7-1082-4F4C-83DE-2806B77AF0C5}.Debug|Any CPU.ActiveCfg = Debug|Any CPU
		{6EF734C7-1082-4F4C-83DE-2806B77AF0C5}.Debug|Any CPU.Build.0 = Debug|Any CPU
		{6EF734C7-1082-4F4C-83DE-2806B77AF0C5}.Release|Any CPU.ActiveCfg = Release|Any CPU
		{6EF734C7-1082-4F4C-83DE-2806B77AF0C5}.Release|Any CPU.Build.0 = Release|Any CPU
		{76426A41-0356-43CA-ABF8-FF9CBA23376C}.Debug|Any CPU.ActiveCfg = Debug|Any CPU
		{76426A41-0356-43CA-ABF8-FF9CBA23376C}.Debug|Any CPU.Build.0 = Debug|Any CPU
		{76426A41-0356-43CA-ABF8-FF9CBA23376C}.Release|Any CPU.ActiveCfg = Release|Any CPU
		{76426A41-0356-43CA-ABF8-FF9CBA23376C}.Release|Any CPU.Build.0 = Release|Any CPU
		{4D7F7129-06B5-45B5-92C4-21BB5CC379AF}.Debug|Any CPU.ActiveCfg = Debug|Any CPU
		{4D7F7129-06B5-45B5-92C4-21BB5CC379AF}.Debug|Any CPU.Build.0 = Debug|Any CPU
		{4D7F7129-06B5-45B5-92C4-21BB5CC379AF}.Release|Any CPU.ActiveCfg = Release|Any CPU
		{4D7F7129-06B5-45B5-92C4-21BB5CC379AF}.Release|Any CPU.Build.0 = Release|Any CPU
		{DEB97679-51E7-4910-9728-74386B707AEB}.Debug|Any CPU.ActiveCfg = Debug|Any CPU
		{DEB97679-51E7-4910-9728-74386B707AEB}.Debug|Any CPU.Build.0 = Debug|Any CPU
		{DEB97679-51E7-4910-9728-74386B707AEB}.Release|Any CPU.ActiveCfg = Release|Any CPU
		{DEB97679-51E7-4910-9728-74386B707AEB}.Release|Any CPU.Build.0 = Release|Any CPU
		{65E6E61C-8AA8-4960-9FE4-D938C32B1C3F}.Debug|Any CPU.ActiveCfg = Debug|Any CPU
		{65E6E61C-8AA8-4960-9FE4-D938C32B1C3F}.Debug|Any CPU.Build.0 = Debug|Any CPU
		{65E6E61C-8AA8-4960-9FE4-D938C32B1C3F}.Release|Any CPU.ActiveCfg = Release|Any CPU
		{65E6E61C-8AA8-4960-9FE4-D938C32B1C3F}.Release|Any CPU.Build.0 = Release|Any CPU
		{0C5F82C9-2742-4798-AA2D-18FF92797DE3}.Debug|Any CPU.ActiveCfg = Debug|Any CPU
		{0C5F82C9-2742-4798-AA2D-18FF92797DE3}.Debug|Any CPU.Build.0 = Debug|Any CPU
		{0C5F82C9-2742-4798-AA2D-18FF92797DE3}.Release|Any CPU.ActiveCfg = Release|Any CPU
		{0C5F82C9-2742-4798-AA2D-18FF92797DE3}.Release|Any CPU.Build.0 = Release|Any CPU
		{22E64485-8D09-424C-8570-5DD1E1F23AB7}.Debug|Any CPU.ActiveCfg = Debug|Any CPU
		{22E64485-8D09-424C-8570-5DD1E1F23AB7}.Debug|Any CPU.Build.0 = Debug|Any CPU
		{22E64485-8D09-424C-8570-5DD1E1F23AB7}.Release|Any CPU.ActiveCfg = Release|Any CPU
		{22E64485-8D09-424C-8570-5DD1E1F23AB7}.Release|Any CPU.Build.0 = Release|Any CPU
		{DCED00F3-D840-426E-88EA-F8088339C21B}.Debug|Any CPU.ActiveCfg = Debug|Any CPU
		{DCED00F3-D840-426E-88EA-F8088339C21B}.Debug|Any CPU.Build.0 = Debug|Any CPU
		{DCED00F3-D840-426E-88EA-F8088339C21B}.Release|Any CPU.ActiveCfg = Release|Any CPU
		{DCED00F3-D840-426E-88EA-F8088339C21B}.Release|Any CPU.Build.0 = Release|Any CPU
		{A5E82D20-143C-4A86-A5EF-819920C057CA}.Debug|Any CPU.ActiveCfg = Debug|Any CPU
		{A5E82D20-143C-4A86-A5EF-819920C057CA}.Debug|Any CPU.Build.0 = Debug|Any CPU
		{A5E82D20-143C-4A86-A5EF-819920C057CA}.Release|Any CPU.ActiveCfg = Release|Any CPU
		{A5E82D20-143C-4A86-A5EF-819920C057CA}.Release|Any CPU.Build.0 = Release|Any CPU
		{50B3F98A-C4BE-4B6E-8978-7D616C969BBA}.Debug|Any CPU.ActiveCfg = Debug|Any CPU
		{50B3F98A-C4BE-4B6E-8978-7D616C969BBA}.Debug|Any CPU.Build.0 = Debug|Any CPU
		{50B3F98A-C4BE-4B6E-8978-7D616C969BBA}.Release|Any CPU.ActiveCfg = Release|Any CPU
		{50B3F98A-C4BE-4B6E-8978-7D616C969BBA}.Release|Any CPU.Build.0 = Release|Any CPU
		{3131E390-30BD-4560-85AE-E33791872341}.Debug|Any CPU.ActiveCfg = Debug|Any CPU
		{3131E390-30BD-4560-85AE-E33791872341}.Debug|Any CPU.Build.0 = Debug|Any CPU
		{3131E390-30BD-4560-85AE-E33791872341}.Release|Any CPU.ActiveCfg = Release|Any CPU
		{3131E390-30BD-4560-85AE-E33791872341}.Release|Any CPU.Build.0 = Release|Any CPU
		{567C89E1-81F7-490A-86D5-E04368C7C757}.Debug|Any CPU.ActiveCfg = Debug|Any CPU
		{567C89E1-81F7-490A-86D5-E04368C7C757}.Debug|Any CPU.Build.0 = Debug|Any CPU
		{567C89E1-81F7-490A-86D5-E04368C7C757}.Release|Any CPU.ActiveCfg = Release|Any CPU
		{567C89E1-81F7-490A-86D5-E04368C7C757}.Release|Any CPU.Build.0 = Release|Any CPU
		{52874A72-3A59-450C-A87F-BB0C9A476028}.Debug|Any CPU.ActiveCfg = Debug|Any CPU
		{52874A72-3A59-450C-A87F-BB0C9A476028}.Debug|Any CPU.Build.0 = Debug|Any CPU
		{52874A72-3A59-450C-A87F-BB0C9A476028}.Release|Any CPU.ActiveCfg = Release|Any CPU
		{52874A72-3A59-450C-A87F-BB0C9A476028}.Release|Any CPU.Build.0 = Release|Any CPU
		{1E37E39B-DFE5-4A06-8207-FD2796C52C0B}.Debug|Any CPU.ActiveCfg = Debug|Any CPU
		{1E37E39B-DFE5-4A06-8207-FD2796C52C0B}.Debug|Any CPU.Build.0 = Debug|Any CPU
		{1E37E39B-DFE5-4A06-8207-FD2796C52C0B}.Release|Any CPU.ActiveCfg = Release|Any CPU
		{1E37E39B-DFE5-4A06-8207-FD2796C52C0B}.Release|Any CPU.Build.0 = Release|Any CPU
		{969C1A19-C591-4EAE-A8F3-AE39878CA2C2}.Debug|Any CPU.ActiveCfg = Debug|Any CPU
		{969C1A19-C591-4EAE-A8F3-AE39878CA2C2}.Debug|Any CPU.Build.0 = Debug|Any CPU
		{969C1A19-C591-4EAE-A8F3-AE39878CA2C2}.Release|Any CPU.ActiveCfg = Release|Any CPU
		{969C1A19-C591-4EAE-A8F3-AE39878CA2C2}.Release|Any CPU.Build.0 = Release|Any CPU
		{CA99E0C4-5467-457C-92FB-084EF0450D15}.Debug|Any CPU.ActiveCfg = Debug|Any CPU
		{CA99E0C4-5467-457C-92FB-084EF0450D15}.Debug|Any CPU.Build.0 = Debug|Any CPU
		{CA99E0C4-5467-457C-92FB-084EF0450D15}.Release|Any CPU.ActiveCfg = Release|Any CPU
		{CA99E0C4-5467-457C-92FB-084EF0450D15}.Release|Any CPU.Build.0 = Release|Any CPU
		{48FD6BDD-0AC6-4A75-A5B4-F67A37207789}.Debug|Any CPU.ActiveCfg = Debug|Any CPU
		{48FD6BDD-0AC6-4A75-A5B4-F67A37207789}.Debug|Any CPU.Build.0 = Debug|Any CPU
		{48FD6BDD-0AC6-4A75-A5B4-F67A37207789}.Release|Any CPU.ActiveCfg = Release|Any CPU
		{48FD6BDD-0AC6-4A75-A5B4-F67A37207789}.Release|Any CPU.Build.0 = Release|Any CPU
		{F48A6924-72A1-41CF-B548-57F97518713D}.Debug|Any CPU.ActiveCfg = Debug|Any CPU
		{F48A6924-72A1-41CF-B548-57F97518713D}.Debug|Any CPU.Build.0 = Debug|Any CPU
		{F48A6924-72A1-41CF-B548-57F97518713D}.Release|Any CPU.ActiveCfg = Release|Any CPU
		{F48A6924-72A1-41CF-B548-57F97518713D}.Release|Any CPU.Build.0 = Release|Any CPU
		{9262F82A-2D6F-45CB-98F6-F7714EA5F83F}.Debug|Any CPU.ActiveCfg = Debug|Any CPU
		{9262F82A-2D6F-45CB-98F6-F7714EA5F83F}.Debug|Any CPU.Build.0 = Debug|Any CPU
		{9262F82A-2D6F-45CB-98F6-F7714EA5F83F}.Release|Any CPU.ActiveCfg = Release|Any CPU
		{9262F82A-2D6F-45CB-98F6-F7714EA5F83F}.Release|Any CPU.Build.0 = Release|Any CPU
		{B7687233-B290-48D1-8221-82438E7F6D95}.Debug|Any CPU.ActiveCfg = Debug|Any CPU
		{B7687233-B290-48D1-8221-82438E7F6D95}.Debug|Any CPU.Build.0 = Debug|Any CPU
		{B7687233-B290-48D1-8221-82438E7F6D95}.Release|Any CPU.ActiveCfg = Release|Any CPU
		{B7687233-B290-48D1-8221-82438E7F6D95}.Release|Any CPU.Build.0 = Release|Any CPU
	EndGlobalSection
	GlobalSection(SolutionProperties) = preSolution
		HideSolutionNode = FALSE
	EndGlobalSection
	GlobalSection(ExtensibilityGlobals) = postSolution
		SolutionGuid = {ED89EA28-406D-45E0-B486-A3F36251FFE9}
	EndGlobalSection
EndGlobal
