
Microsoft Visual Studio Solution File, Format Version 12.00
# Visual Studio 15
Project("{FAE04EC0-301F-11D3-BF4B-00C04F79EFBC}") = "AnchorLinkSharp", "AnchorLinkSharp.csproj", "{0AFD5D21-F88D-A156-AE72-F8E9F0418DEE}"
EndProject
Project("{FAE04EC0-301F-11D3-BF4B-00C04F79EFBC}") = "UniversalAuthenticatorLibrary", "UniversalAuthenticatorLibrary.csproj", "{9B2C8E2B-4F6A-68EA-B5FD-F5465EC27C44}"
EndProject
Project("{FAE04EC0-301F-11D3-BF4B-00C04F79EFBC}") = "WombatUnityWebgl", "WombatUnityWebgl.csproj", "{79551437-24B4-0C89-335E-87E244EE1E64}"
EndProject
Project("{FAE04EC0-301F-11D3-BF4B-00C04F79EFBC}") = "HyperionApiClient", "HyperionApiClient.csproj", "{CD7915D4-B816-3E0A-F8F3-18015D1AB489}"
EndProject
Project("{FAE04EC0-301F-11D3-BF4B-00C04F79EFBC}") = "AtomicMarketApiClient", "AtomicMarketApiClient.csproj", "{3D899F9F-9C89-18BA-4B2D-F8021249545B}"
EndProject
Project("{FAE04EC0-301F-11D3-BF4B-00C04F79EFBC}") = "AtomicAssetsApiClient", "AtomicAssetsApiClient.csproj", "{C5FE0C09-063B-DCE8-EC0E-454D79846EB6}"
EndProject
Project("{FAE04EC0-301F-11D3-BF4B-00C04F79EFBC}") = "UniversalSDK", "UniversalSDK.csproj", "{2A77B88F-5C60-2D15-A28B-3032BC4CDB5E}"
EndProject
Project("{FAE04EC0-301F-11D3-BF4B-00C04F79EFBC}") = "WcwUnityWebgl", "WcwUnityWebgl.csproj", "{2DCF1559-B9DC-947C-1611-79FA751CD4D0}"
EndProject
Project("{FAE04EC0-301F-11D3-BF4B-00C04F79EFBC}") = "EosSharp", "EosSharp.csproj", "{67CADCBA-22E4-9372-8AE0-1B5CE6621606}"
EndProject
Project("{FAE04EC0-301F-11D3-BF4B-00C04F79EFBC}") = "Assembly-CSharp", "Assembly-CSharp.csproj", "{976333ED-E96F-B856-2B0C-A3342BFEBCEB}"
EndProject
Global
	GlobalSection(SolutionConfigurationPlatforms) = preSolution
		Debug|Any CPU = Debug|Any CPU
		Release|Any CPU = Release|Any CPU
	EndGlobalSection
	GlobalSection(ProjectConfigurationPlatforms) = postSolution
		{0AFD5D21-F88D-A156-AE72-F8E9F0418DEE}.Debug|Any CPU.ActiveCfg = Debug|Any CPU
		{0AFD5D21-F88D-A156-AE72-F8E9F0418DEE}.Debug|Any CPU.Build.0 = Debug|Any CPU
		{0AFD5D21-F88D-A156-AE72-F8E9F0418DEE}.Release|Any CPU.ActiveCfg = Release|Any CPU
		{0AFD5D21-F88D-A156-AE72-F8E9F0418DEE}.Release|Any CPU.Build.0 = Release|Any CPU
		{9B2C8E2B-4F6A-68EA-B5FD-F5465EC27C44}.Debug|Any CPU.ActiveCfg = Debug|Any CPU
		{9B2C8E2B-4F6A-68EA-B5FD-F5465EC27C44}.Debug|Any CPU.Build.0 = Debug|Any CPU
		{9B2C8E2B-4F6A-68EA-B5FD-F5465EC27C44}.Release|Any CPU.ActiveCfg = Release|Any CPU
		{9B2C8E2B-4F6A-68EA-B5FD-F5465EC27C44}.Release|Any CPU.Build.0 = Release|Any CPU
		{79551437-24B4-0C89-335E-87E244EE1E64}.Debug|Any CPU.ActiveCfg = Debug|Any CPU
		{79551437-24B4-0C89-335E-87E244EE1E64}.Debug|Any CPU.Build.0 = Debug|Any CPU
		{79551437-24B4-0C89-335E-87E244EE1E64}.Release|Any CPU.ActiveCfg = Release|Any CPU
		{79551437-24B4-0C89-335E-87E244EE1E64}.Release|Any CPU.Build.0 = Release|Any CPU
		{CD7915D4-B816-3E0A-F8F3-18015D1AB489}.Debug|Any CPU.ActiveCfg = Debug|Any CPU
		{CD7915D4-B816-3E0A-F8F3-18015D1AB489}.Debug|Any CPU.Build.0 = Debug|Any CPU
		{CD7915D4-B816-3E0A-F8F3-18015D1AB489}.Release|Any CPU.ActiveCfg = Release|Any CPU
		{CD7915D4-B816-3E0A-F8F3-18015D1AB489}.Release|Any CPU.Build.0 = Release|Any CPU
		{3D899F9F-9C89-18BA-4B2D-F8021249545B}.Debug|Any CPU.ActiveCfg = Debug|Any CPU
		{3D899F9F-9C89-18BA-4B2D-F8021249545B}.Debug|Any CPU.Build.0 = Debug|Any CPU
		{3D899F9F-9C89-18BA-4B2D-F8021249545B}.Release|Any CPU.ActiveCfg = Release|Any CPU
		{3D899F9F-9C89-18BA-4B2D-F8021249545B}.Release|Any CPU.Build.0 = Release|Any CPU
		{C5FE0C09-063B-DCE8-EC0E-454D79846EB6}.Debug|Any CPU.ActiveCfg = Debug|Any CPU
		{C5FE0C09-063B-DCE8-EC0E-454D79846EB6}.Debug|Any CPU.Build.0 = Debug|Any CPU
		{C5FE0C09-063B-DCE8-EC0E-454D79846EB6}.Release|Any CPU.ActiveCfg = Release|Any CPU
		{C5FE0C09-063B-DCE8-EC0E-454D79846EB6}.Release|Any CPU.Build.0 = Release|Any CPU
		{2A77B88F-5C60-2D15-A28B-3032BC4CDB5E}.Debug|Any CPU.ActiveCfg = Debug|Any CPU
		{2A77B88F-5C60-2D15-A28B-3032BC4CDB5E}.Debug|Any CPU.Build.0 = Debug|Any CPU
		{2A77B88F-5C60-2D15-A28B-3032BC4CDB5E}.Release|Any CPU.ActiveCfg = Release|Any CPU
		{2A77B88F-5C60-2D15-A28B-3032BC4CDB5E}.Release|Any CPU.Build.0 = Release|Any CPU
		{2DCF1559-B9DC-947C-1611-79FA751CD4D0}.Debug|Any CPU.ActiveCfg = Debug|Any CPU
		{2DCF1559-B9DC-947C-1611-79FA751CD4D0}.Debug|Any CPU.Build.0 = Debug|Any CPU
		{2DCF1559-B9DC-947C-1611-79FA751CD4D0}.Release|Any CPU.ActiveCfg = Release|Any CPU
		{2DCF1559-B9DC-947C-1611-79FA751CD4D0}.Release|Any CPU.Build.0 = Release|Any CPU
		{67CADCBA-22E4-9372-8AE0-1B5CE6621606}.Debug|Any CPU.ActiveCfg = Debug|Any CPU
		{67CADCBA-22E4-9372-8AE0-1B5CE6621606}.Debug|Any CPU.Build.0 = Debug|Any CPU
		{67CADCBA-22E4-9372-8AE0-1B5CE6621606}.Release|Any CPU.ActiveCfg = Release|Any CPU
		{67CADCBA-22E4-9372-8AE0-1B5CE6621606}.Release|Any CPU.Build.0 = Release|Any CPU
		{976333ED-E96F-B856-2B0C-A3342BFEBCEB}.Debug|Any CPU.ActiveCfg = Debug|Any CPU
		{976333ED-E96F-B856-2B0C-A3342BFEBCEB}.Debug|Any CPU.Build.0 = Debug|Any CPU
		{976333ED-E96F-B856-2B0C-A3342BFEBCEB}.Release|Any CPU.ActiveCfg = Release|Any CPU
		{976333ED-E96F-B856-2B0C-A3342BFEBCEB}.Release|Any CPU.Build.0 = Release|Any CPU
	EndGlobalSection
	GlobalSection(SolutionProperties) = preSolution
		HideSolutionNode = FALSE
	EndGlobalSection
EndGlobal
