
Microsoft Visual Studio Solution File, Format Version 12.00
# Visual Studio 15
Project("{FAE04EC0-301F-11D3-BF4B-00C04F79EFBC}") = "Assembly-CSharp", "Assembly-CSharp.csproj", "{976333ED-E96F-B856-2B0C-A3342BFEBCEB}"
EndProject
Project("{FAE04EC0-301F-11D3-BF4B-00C04F79EFBC}") = "AtomicMarketApiClient", "AtomicMarketApiClient.csproj", "{3D899F9F-9C89-18BA-4B2D-F8021249545B}"
EndProject
Project("{FAE04EC0-301F-11D3-BF4B-00C04F79EFBC}") = "AtomicAssetsApiClient", "AtomicAssetsApiClient.csproj", "{C5FE0C09-063B-DCE8-EC0E-454D79846EB6}"
EndProject
Global
	GlobalSection(SolutionConfigurationPlatforms) = preSolution
		Debug|Any CPU = Debug|Any CPU
		Release|Any CPU = Release|Any CPU
	EndGlobalSection
	GlobalSection(ProjectConfigurationPlatforms) = postSolution
		{976333ED-E96F-B856-2B0C-A3342BFEBCEB}.Debug|Any CPU.ActiveCfg = Debug|Any CPU
		{976333ED-E96F-B856-2B0C-A3342BFEBCEB}.Debug|Any CPU.Build.0 = Debug|Any CPU
		{976333ED-E96F-B856-2B0C-A3342BFEBCEB}.Release|Any CPU.ActiveCfg = Release|Any CPU
		{976333ED-E96F-B856-2B0C-A3342BFEBCEB}.Release|Any CPU.Build.0 = Release|Any CPU
		{3D899F9F-9C89-18BA-4B2D-F8021249545B}.Debug|Any CPU.ActiveCfg = Debug|Any CPU
		{3D899F9F-9C89-18BA-4B2D-F8021249545B}.Debug|Any CPU.Build.0 = Debug|Any CPU
		{3D899F9F-9C89-18BA-4B2D-F8021249545B}.Release|Any CPU.ActiveCfg = Release|Any CPU
		{3D899F9F-9C89-18BA-4B2D-F8021249545B}.Release|Any CPU.Build.0 = Release|Any CPU
		{C5FE0C09-063B-DCE8-EC0E-454D79846EB6}.Debug|Any CPU.ActiveCfg = Debug|Any CPU
		{C5FE0C09-063B-DCE8-EC0E-454D79846EB6}.Debug|Any CPU.Build.0 = Debug|Any CPU
		{C5FE0C09-063B-DCE8-EC0E-454D79846EB6}.Release|Any CPU.ActiveCfg = Release|Any CPU
		{C5FE0C09-063B-DCE8-EC0E-454D79846EB6}.Release|Any CPU.Build.0 = Release|Any CPU
	EndGlobalSection
	GlobalSection(SolutionProperties) = preSolution
		HideSolutionNode = FALSE
	EndGlobalSection
EndGlobal
